
Microsoft Visual Studio Solution File, Format Version 12.00
# Visual Studio Version 17
VisualStudioVersion = 17.3.32708.82
MinimumVisualStudioVersion = 10.0.40219.1
Project("{9A19103F-16F7-4668-BE54-9A1E7A4F7556}") = "FileSync", "FileSync\FileSync.csproj", "{6B56801E-AAE9-4B68-86B2-C679BBD6E5BE}"
EndProject
Global
	GlobalSection(SolutionConfigurationPlatforms) = preSolution
		Debug|Any CPU = Debug|Any CPU
		Release|Any CPU = Release|Any CPU
	EndGlobalSection
	GlobalSection(ProjectConfigurationPlatforms) = postSolution
		{6B56801E-AAE9-4B68-86B2-C679BBD6E5BE}.Debug|Any CPU.ActiveCfg = Debug|Any CPU
		{6B56801E-AAE9-4B68-86B2-C679BBD6E5BE}.Debug|Any CPU.Build.0 = Debug|Any CPU
		{6B56801E-AAE9-4B68-86B2-C679BBD6E5BE}.Release|Any CPU.ActiveCfg = Release|Any CPU
		{6B56801E-AAE9-4B68-86B2-C679BBD6E5BE}.Release|Any CPU.Build.0 = Release|Any CPU
	EndGlobalSection
	GlobalSection(SolutionProperties) = preSolution
		HideSolutionNode = FALSE
	EndGlobalSection
	GlobalSection(ExtensibilityGlobals) = postSolution
		SolutionGuid = {D16FBD34-A59A-43CD-9D47-B082CE54A34E}
	EndGlobalSection
EndGlobal
